// !$*UTF8*$!
{
	archiveVersion = 1;
	classes = {
	};
	objectVersion = 56;
	objects = {

/* Begin PBXBuildFile section */
		CF40AC662C9971FD00D9855D /* AppDelegate.swift in Sources */ = {isa = PBXBuildFile; fileRef = CF40AC652C9971FD00D9855D /* AppDelegate.swift */; };
		CF40AC682C9971FD00D9855D /* SceneDelegate.swift in Sources */ = {isa = PBXBuildFile; fileRef = CF40AC672C9971FD00D9855D /* SceneDelegate.swift */; };
		CF40AC6A2C9971FD00D9855D /* MainViewController.swift in Sources */ = {isa = PBXBuildFile; fileRef = CF40AC692C9971FD00D9855D /* MainViewController.swift */; };
		CF40AC702C9971FD00D9855D /* ToDoListTestTask.xcdatamodeld in Sources */ = {isa = PBXBuildFile; fileRef = CF40AC6E2C9971FD00D9855D /* ToDoListTestTask.xcdatamodeld */; };
		CF40AC722C99720000D9855D /* Assets.xcassets in Resources */ = {isa = PBXBuildFile; fileRef = CF40AC712C99720000D9855D /* Assets.xcassets */; };
		CF40AC752C99720000D9855D /* Base in Resources */ = {isa = PBXBuildFile; fileRef = CF40AC742C99720000D9855D /* Base */; };
		CF40AC802C99720100D9855D /* ToDoListTestTaskTests.swift in Sources */ = {isa = PBXBuildFile; fileRef = CF40AC7F2C99720100D9855D /* ToDoListTestTaskTests.swift */; };
		CF40AC8A2C99720100D9855D /* ToDoListTestTaskUITests.swift in Sources */ = {isa = PBXBuildFile; fileRef = CF40AC892C99720100D9855D /* ToDoListTestTaskUITests.swift */; };
		CF40AC8C2C99720100D9855D /* ToDoListTestTaskUITestsLaunchTests.swift in Sources */ = {isa = PBXBuildFile; fileRef = CF40AC8B2C99720100D9855D /* ToDoListTestTaskUITestsLaunchTests.swift */; };
		CF40AC9A2C9973B000D9855D /* MainView.swift in Sources */ = {isa = PBXBuildFile; fileRef = CF40AC992C9973B000D9855D /* MainView.swift */; };
		CF40AC9E2C9973D100D9855D /* TodoModel.swift in Sources */ = {isa = PBXBuildFile; fileRef = CF40AC9D2C9973D100D9855D /* TodoModel.swift */; };
		CF40ACA12C9973EC00D9855D /* MainViewModel.swift in Sources */ = {isa = PBXBuildFile; fileRef = CF40ACA02C9973EC00D9855D /* MainViewModel.swift */; };
		CF40ACA42C99A46A00D9855D /* EndPointType.swift in Sources */ = {isa = PBXBuildFile; fileRef = CF40ACA32C99A46A00D9855D /* EndPointType.swift */; };
		CF40ACAA2C99A47E00D9855D /* NetworkModel.swift in Sources */ = {isa = PBXBuildFile; fileRef = CF40ACA52C99A47E00D9855D /* NetworkModel.swift */; };
		CF40ACAB2C99A47E00D9855D /* URLParameterEncoder.swift in Sources */ = {isa = PBXBuildFile; fileRef = CF40ACA62C99A47E00D9855D /* URLParameterEncoder.swift */; };
		CF40ACAC2C99A47E00D9855D /* NetworkManager.swift in Sources */ = {isa = PBXBuildFile; fileRef = CF40ACA72C99A47E00D9855D /* NetworkManager.swift */; };
		CF40ACAD2C99A47E00D9855D /* ParamEncoding.swift in Sources */ = {isa = PBXBuildFile; fileRef = CF40ACA82C99A47E00D9855D /* ParamEncoding.swift */; };
		CF40ACAE2C99A47E00D9855D /* JSONParameterEncoder.swift in Sources */ = {isa = PBXBuildFile; fileRef = CF40ACA92C99A47E00D9855D /* JSONParameterEncoder.swift */; };
		CF40ACB62C99A4AD00D9855D /* Router.swift in Sources */ = {isa = PBXBuildFile; fileRef = CF40ACB02C99A4AD00D9855D /* Router.swift */; };
		CF40ACB72C99A4AD00D9855D /* HTTPMethod.swift in Sources */ = {isa = PBXBuildFile; fileRef = CF40ACB12C99A4AD00D9855D /* HTTPMethod.swift */; };
		CF40ACB82C99A4AD00D9855D /* HTTPTask.swift in Sources */ = {isa = PBXBuildFile; fileRef = CF40ACB22C99A4AD00D9855D /* HTTPTask.swift */; };
		CF40ACB92C99A4AD00D9855D /* NetworkLogger.swift in Sources */ = {isa = PBXBuildFile; fileRef = CF40ACB32C99A4AD00D9855D /* NetworkLogger.swift */; };
		CF40ACBA2C99A4AD00D9855D /* NetworkResponseError.swift in Sources */ = {isa = PBXBuildFile; fileRef = CF40ACB42C99A4AD00D9855D /* NetworkResponseError.swift */; };
		CF40ACBB2C99A4AD00D9855D /* NetworkRouterProtocol.swift in Sources */ = {isa = PBXBuildFile; fileRef = CF40ACB52C99A4AD00D9855D /* NetworkRouterProtocol.swift */; };
		CF40ACBE2C99A6E900D9855D /* CoreDataManager.swift in Sources */ = {isa = PBXBuildFile; fileRef = CF40ACBD2C99A6E900D9855D /* CoreDataManager.swift */; };
		CF40ACC52C99B6A100D9855D /* ToDoListEntity+CoreDataProperties.swift in Sources */ = {isa = PBXBuildFile; fileRef = CF40ACC12C99B6A100D9855D /* ToDoListEntity+CoreDataProperties.swift */; };
		CF40ACC72C99B6A100D9855D /* TaskEntity+CoreDataProperties.swift in Sources */ = {isa = PBXBuildFile; fileRef = CF40ACC32C99B6A100D9855D /* TaskEntity+CoreDataProperties.swift */; };
		CF40ACCA2C99B6EA00D9855D /* HeaderView.swift in Sources */ = {isa = PBXBuildFile; fileRef = CF40ACC92C99B6EA00D9855D /* HeaderView.swift */; };
		CF40ACCD2C99B89500D9855D /* ExtentionDate.swift in Sources */ = {isa = PBXBuildFile; fileRef = CF40ACCC2C99B89500D9855D /* ExtentionDate.swift */; };
		CF40ACCF2C99B9A700D9855D /* BaseView.swift in Sources */ = {isa = PBXBuildFile; fileRef = CF40ACCE2C99B9A700D9855D /* BaseView.swift */; };
		CF40ACD12C99CF9F00D9855D /* MiddleView.swift in Sources */ = {isa = PBXBuildFile; fileRef = CF40ACD02C99CF9F00D9855D /* MiddleView.swift */; };
		CF40ACD42C99ED2B00D9855D /* FooterCollectionView.swift in Sources */ = {isa = PBXBuildFile; fileRef = CF40ACD32C99ED2B00D9855D /* FooterCollectionView.swift */; };
		CF40ACD62C99ED6400D9855D /* FooterCollectionViewFL.swift in Sources */ = {isa = PBXBuildFile; fileRef = CF40ACD52C99ED6400D9855D /* FooterCollectionViewFL.swift */; };
		CF40ACD82C99ED8500D9855D /* FooterCollectionCell.swift in Sources */ = {isa = PBXBuildFile; fileRef = CF40ACD72C99ED8500D9855D /* FooterCollectionCell.swift */; };
		CF40ACDA2C99F36E00D9855D /* BaseButton.swift in Sources */ = {isa = PBXBuildFile; fileRef = CF40ACD92C99F36E00D9855D /* BaseButton.swift */; };
/* End PBXBuildFile section */

/* Begin PBXContainerItemProxy section */
		CF40AC7C2C99720100D9855D /* PBXContainerItemProxy */ = {
			isa = PBXContainerItemProxy;
			containerPortal = CF40AC5A2C9971FC00D9855D /* Project object */;
			proxyType = 1;
			remoteGlobalIDString = CF40AC612C9971FD00D9855D;
			remoteInfo = ToDoListTestTask;
		};
		CF40AC862C99720100D9855D /* PBXContainerItemProxy */ = {
			isa = PBXContainerItemProxy;
			containerPortal = CF40AC5A2C9971FC00D9855D /* Project object */;
			proxyType = 1;
			remoteGlobalIDString = CF40AC612C9971FD00D9855D;
			remoteInfo = ToDoListTestTask;
		};
/* End PBXContainerItemProxy section */

/* Begin PBXFileReference section */
		CF40AC622C9971FD00D9855D /* ToDoListTestTask.app */ = {isa = PBXFileReference; explicitFileType = wrapper.application; includeInIndex = 0; path = ToDoListTestTask.app; sourceTree = BUILT_PRODUCTS_DIR; };
		CF40AC652C9971FD00D9855D /* AppDelegate.swift */ = {isa = PBXFileReference; lastKnownFileType = sourcecode.swift; path = AppDelegate.swift; sourceTree = "<group>"; };
		CF40AC672C9971FD00D9855D /* SceneDelegate.swift */ = {isa = PBXFileReference; lastKnownFileType = sourcecode.swift; path = SceneDelegate.swift; sourceTree = "<group>"; };
		CF40AC692C9971FD00D9855D /* MainViewController.swift */ = {isa = PBXFileReference; lastKnownFileType = sourcecode.swift; path = MainViewController.swift; sourceTree = "<group>"; };
		CF40AC6F2C9971FD00D9855D /* ToDoListTestTask.xcdatamodel */ = {isa = PBXFileReference; lastKnownFileType = wrapper.xcdatamodel; path = ToDoListTestTask.xcdatamodel; sourceTree = "<group>"; };
		CF40AC712C99720000D9855D /* Assets.xcassets */ = {isa = PBXFileReference; lastKnownFileType = folder.assetcatalog; path = Assets.xcassets; sourceTree = "<group>"; };
		CF40AC742C99720000D9855D /* Base */ = {isa = PBXFileReference; lastKnownFileType = file.storyboard; name = Base; path = Base.lproj/LaunchScreen.storyboard; sourceTree = "<group>"; };
		CF40AC762C99720000D9855D /* Info.plist */ = {isa = PBXFileReference; lastKnownFileType = text.plist.xml; path = Info.plist; sourceTree = "<group>"; };
		CF40AC7B2C99720100D9855D /* ToDoListTestTaskTests.xctest */ = {isa = PBXFileReference; explicitFileType = wrapper.cfbundle; includeInIndex = 0; path = ToDoListTestTaskTests.xctest; sourceTree = BUILT_PRODUCTS_DIR; };
		CF40AC7F2C99720100D9855D /* ToDoListTestTaskTests.swift */ = {isa = PBXFileReference; lastKnownFileType = sourcecode.swift; path = ToDoListTestTaskTests.swift; sourceTree = "<group>"; };
		CF40AC852C99720100D9855D /* ToDoListTestTaskUITests.xctest */ = {isa = PBXFileReference; explicitFileType = wrapper.cfbundle; includeInIndex = 0; path = ToDoListTestTaskUITests.xctest; sourceTree = BUILT_PRODUCTS_DIR; };
		CF40AC892C99720100D9855D /* ToDoListTestTaskUITests.swift */ = {isa = PBXFileReference; lastKnownFileType = sourcecode.swift; path = ToDoListTestTaskUITests.swift; sourceTree = "<group>"; };
		CF40AC8B2C99720100D9855D /* ToDoListTestTaskUITestsLaunchTests.swift */ = {isa = PBXFileReference; lastKnownFileType = sourcecode.swift; path = ToDoListTestTaskUITestsLaunchTests.swift; sourceTree = "<group>"; };
		CF40AC992C9973B000D9855D /* MainView.swift */ = {isa = PBXFileReference; lastKnownFileType = sourcecode.swift; path = MainView.swift; sourceTree = "<group>"; };
		CF40AC9D2C9973D100D9855D /* TodoModel.swift */ = {isa = PBXFileReference; lastKnownFileType = sourcecode.swift; path = TodoModel.swift; sourceTree = "<group>"; };
		CF40ACA02C9973EC00D9855D /* MainViewModel.swift */ = {isa = PBXFileReference; lastKnownFileType = sourcecode.swift; path = MainViewModel.swift; sourceTree = "<group>"; };
		CF40ACA32C99A46A00D9855D /* EndPointType.swift */ = {isa = PBXFileReference; fileEncoding = 4; lastKnownFileType = sourcecode.swift; path = EndPointType.swift; sourceTree = "<group>"; };
		CF40ACA52C99A47E00D9855D /* NetworkModel.swift */ = {isa = PBXFileReference; fileEncoding = 4; lastKnownFileType = sourcecode.swift; path = NetworkModel.swift; sourceTree = "<group>"; };
		CF40ACA62C99A47E00D9855D /* URLParameterEncoder.swift */ = {isa = PBXFileReference; fileEncoding = 4; lastKnownFileType = sourcecode.swift; path = URLParameterEncoder.swift; sourceTree = "<group>"; };
		CF40ACA72C99A47E00D9855D /* NetworkManager.swift */ = {isa = PBXFileReference; fileEncoding = 4; lastKnownFileType = sourcecode.swift; path = NetworkManager.swift; sourceTree = "<group>"; };
		CF40ACA82C99A47E00D9855D /* ParamEncoding.swift */ = {isa = PBXFileReference; fileEncoding = 4; lastKnownFileType = sourcecode.swift; path = ParamEncoding.swift; sourceTree = "<group>"; };
		CF40ACA92C99A47E00D9855D /* JSONParameterEncoder.swift */ = {isa = PBXFileReference; fileEncoding = 4; lastKnownFileType = sourcecode.swift; path = JSONParameterEncoder.swift; sourceTree = "<group>"; };
		CF40ACB02C99A4AD00D9855D /* Router.swift */ = {isa = PBXFileReference; fileEncoding = 4; lastKnownFileType = sourcecode.swift; path = Router.swift; sourceTree = "<group>"; };
		CF40ACB12C99A4AD00D9855D /* HTTPMethod.swift */ = {isa = PBXFileReference; fileEncoding = 4; lastKnownFileType = sourcecode.swift; path = HTTPMethod.swift; sourceTree = "<group>"; };
		CF40ACB22C99A4AD00D9855D /* HTTPTask.swift */ = {isa = PBXFileReference; fileEncoding = 4; lastKnownFileType = sourcecode.swift; path = HTTPTask.swift; sourceTree = "<group>"; };
		CF40ACB32C99A4AD00D9855D /* NetworkLogger.swift */ = {isa = PBXFileReference; fileEncoding = 4; lastKnownFileType = sourcecode.swift; path = NetworkLogger.swift; sourceTree = "<group>"; };
		CF40ACB42C99A4AD00D9855D /* NetworkResponseError.swift */ = {isa = PBXFileReference; fileEncoding = 4; lastKnownFileType = sourcecode.swift; path = NetworkResponseError.swift; sourceTree = "<group>"; };
		CF40ACB52C99A4AD00D9855D /* NetworkRouterProtocol.swift */ = {isa = PBXFileReference; fileEncoding = 4; lastKnownFileType = sourcecode.swift; path = NetworkRouterProtocol.swift; sourceTree = "<group>"; };
		CF40ACBD2C99A6E900D9855D /* CoreDataManager.swift */ = {isa = PBXFileReference; lastKnownFileType = sourcecode.swift; path = CoreDataManager.swift; sourceTree = "<group>"; };
		CF40ACC12C99B6A100D9855D /* ToDoListEntity+CoreDataProperties.swift */ = {isa = PBXFileReference; lastKnownFileType = sourcecode.swift; path = "ToDoListEntity+CoreDataProperties.swift"; sourceTree = "<group>"; };
		CF40ACC32C99B6A100D9855D /* TaskEntity+CoreDataProperties.swift */ = {isa = PBXFileReference; lastKnownFileType = sourcecode.swift; path = "TaskEntity+CoreDataProperties.swift"; sourceTree = "<group>"; };
		CF40ACC92C99B6EA00D9855D /* HeaderView.swift */ = {isa = PBXFileReference; lastKnownFileType = sourcecode.swift; path = HeaderView.swift; sourceTree = "<group>"; };
		CF40ACCC2C99B89500D9855D /* ExtentionDate.swift */ = {isa = PBXFileReference; lastKnownFileType = sourcecode.swift; path = ExtentionDate.swift; sourceTree = "<group>"; };
		CF40ACCE2C99B9A700D9855D /* BaseView.swift */ = {isa = PBXFileReference; lastKnownFileType = sourcecode.swift; path = BaseView.swift; sourceTree = "<group>"; };
		CF40ACD02C99CF9F00D9855D /* MiddleView.swift */ = {isa = PBXFileReference; lastKnownFileType = sourcecode.swift; path = MiddleView.swift; sourceTree = "<group>"; };
		CF40ACD32C99ED2B00D9855D /* FooterCollectionView.swift */ = {isa = PBXFileReference; lastKnownFileType = sourcecode.swift; path = FooterCollectionView.swift; sourceTree = "<group>"; };
		CF40ACD52C99ED6400D9855D /* FooterCollectionViewFL.swift */ = {isa = PBXFileReference; lastKnownFileType = sourcecode.swift; path = FooterCollectionViewFL.swift; sourceTree = "<group>"; };
		CF40ACD72C99ED8500D9855D /* FooterCollectionCell.swift */ = {isa = PBXFileReference; lastKnownFileType = sourcecode.swift; path = FooterCollectionCell.swift; sourceTree = "<group>"; };
		CF40ACD92C99F36E00D9855D /* BaseButton.swift */ = {isa = PBXFileReference; lastKnownFileType = sourcecode.swift; path = BaseButton.swift; sourceTree = "<group>"; };
/* End PBXFileReference section */

/* Begin PBXFrameworksBuildPhase section */
		CF40AC5F2C9971FD00D9855D /* Frameworks */ = {
			isa = PBXFrameworksBuildPhase;
			buildActionMask = 2147483647;
			files = (
			);
			runOnlyForDeploymentPostprocessing = 0;
		};
		CF40AC782C99720100D9855D /* Frameworks */ = {
			isa = PBXFrameworksBuildPhase;
			buildActionMask = 2147483647;
			files = (
			);
			runOnlyForDeploymentPostprocessing = 0;
		};
		CF40AC822C99720100D9855D /* Frameworks */ = {
			isa = PBXFrameworksBuildPhase;
			buildActionMask = 2147483647;
			files = (
			);
			runOnlyForDeploymentPostprocessing = 0;
		};
/* End PBXFrameworksBuildPhase section */

/* Begin PBXGroup section */
		CF40AC592C9971FC00D9855D = {
			isa = PBXGroup;
			children = (
				CF40AC642C9971FD00D9855D /* ToDoListTestTask */,
				CF40AC7E2C99720100D9855D /* ToDoListTestTaskTests */,
				CF40AC882C99720100D9855D /* ToDoListTestTaskUITests */,
				CF40AC632C9971FD00D9855D /* Products */,
			);
			sourceTree = "<group>";
		};
		CF40AC632C9971FD00D9855D /* Products */ = {
			isa = PBXGroup;
			children = (
				CF40AC622C9971FD00D9855D /* ToDoListTestTask.app */,
				CF40AC7B2C99720100D9855D /* ToDoListTestTaskTests.xctest */,
				CF40AC852C99720100D9855D /* ToDoListTestTaskUITests.xctest */,
			);
			name = Products;
			sourceTree = "<group>";
		};
		CF40AC642C9971FD00D9855D /* ToDoListTestTask */ = {
			isa = PBXGroup;
			children = (
				CF40ACCB2C99B88400D9855D /* Extention&BaseElements */,
				CF40ACBC2C99A6D600D9855D /* CoreDataManager */,
				CF40ACA22C99A3EB00D9855D /* NetworkManager */,
				CF40AC982C99739400D9855D /* MainView */,
				CF40AC652C9971FD00D9855D /* AppDelegate.swift */,
				CF40AC672C9971FD00D9855D /* SceneDelegate.swift */,
				CF40AC712C99720000D9855D /* Assets.xcassets */,
				CF40AC732C99720000D9855D /* LaunchScreen.storyboard */,
				CF40AC762C99720000D9855D /* Info.plist */,
				CF40AC6E2C9971FD00D9855D /* ToDoListTestTask.xcdatamodeld */,
			);
			path = ToDoListTestTask;
			sourceTree = "<group>";
		};
		CF40AC7E2C99720100D9855D /* ToDoListTestTaskTests */ = {
			isa = PBXGroup;
			children = (
				CF40AC7F2C99720100D9855D /* ToDoListTestTaskTests.swift */,
			);
			path = ToDoListTestTaskTests;
			sourceTree = "<group>";
		};
		CF40AC882C99720100D9855D /* ToDoListTestTaskUITests */ = {
			isa = PBXGroup;
			children = (
				CF40AC892C99720100D9855D /* ToDoListTestTaskUITests.swift */,
				CF40AC8B2C99720100D9855D /* ToDoListTestTaskUITestsLaunchTests.swift */,
			);
			path = ToDoListTestTaskUITests;
			sourceTree = "<group>";
		};
		CF40AC982C99739400D9855D /* MainView */ = {
			isa = PBXGroup;
			children = (
				CF40AC9F2C9973DA00D9855D /* ViewModel */,
				CF40AC9C2C9973C000D9855D /* Model */,
				CF40AC9B2C9973B700D9855D /* View */,
			);
			path = MainView;
			sourceTree = "<group>";
		};
		CF40AC9B2C9973B700D9855D /* View */ = {
			isa = PBXGroup;
			children = (
				CF40ACC82C99B6DF00D9855D /* SubView */,
				CF40AC992C9973B000D9855D /* MainView.swift */,
				CF40AC692C9971FD00D9855D /* MainViewController.swift */,
			);
			path = View;
			sourceTree = "<group>";
		};
		CF40AC9C2C9973C000D9855D /* Model */ = {
			isa = PBXGroup;
			children = (
				CF40AC9D2C9973D100D9855D /* TodoModel.swift */,
			);
			path = Model;
			sourceTree = "<group>";
		};
		CF40AC9F2C9973DA00D9855D /* ViewModel */ = {
			isa = PBXGroup;
			children = (
				CF40ACA02C9973EC00D9855D /* MainViewModel.swift */,
			);
			path = ViewModel;
			sourceTree = "<group>";
		};
		CF40ACA22C99A3EB00D9855D /* NetworkManager */ = {
			isa = PBXGroup;
			children = (
				CF40ACA92C99A47E00D9855D /* JSONParameterEncoder.swift */,
				CF40ACA72C99A47E00D9855D /* NetworkManager.swift */,
				CF40ACA52C99A47E00D9855D /* NetworkModel.swift */,
				CF40ACA82C99A47E00D9855D /* ParamEncoding.swift */,
				CF40ACA62C99A47E00D9855D /* URLParameterEncoder.swift */,
				CF40ACA32C99A46A00D9855D /* EndPointType.swift */,
				CF40ACAF2C99A48900D9855D /* Service */,
			);
			path = NetworkManager;
			sourceTree = "<group>";
		};
		CF40ACAF2C99A48900D9855D /* Service */ = {
			isa = PBXGroup;
			children = (
				CF40ACB12C99A4AD00D9855D /* HTTPMethod.swift */,
				CF40ACB22C99A4AD00D9855D /* HTTPTask.swift */,
				CF40ACB32C99A4AD00D9855D /* NetworkLogger.swift */,
				CF40ACB42C99A4AD00D9855D /* NetworkResponseError.swift */,
				CF40ACB52C99A4AD00D9855D /* NetworkRouterProtocol.swift */,
				CF40ACB02C99A4AD00D9855D /* Router.swift */,
			);
			path = Service;
			sourceTree = "<group>";
		};
		CF40ACBC2C99A6D600D9855D /* CoreDataManager */ = {
			isa = PBXGroup;
			children = (
				CF40ACBF2C99B67D00D9855D /* CoreDataEntity */,
				CF40ACBD2C99A6E900D9855D /* CoreDataManager.swift */,
			);
			path = CoreDataManager;
			sourceTree = "<group>";
		};
		CF40ACBF2C99B67D00D9855D /* CoreDataEntity */ = {
			isa = PBXGroup;
			children = (
				CF40ACC12C99B6A100D9855D /* ToDoListEntity+CoreDataProperties.swift */,
				CF40ACC32C99B6A100D9855D /* TaskEntity+CoreDataProperties.swift */,
			);
			path = CoreDataEntity;
			sourceTree = "<group>";
		};
		CF40ACC82C99B6DF00D9855D /* SubView */ = {
			isa = PBXGroup;
			children = (
				CF40ACD22C99E0FC00D9855D /* FooterView */,
				CF40ACC92C99B6EA00D9855D /* HeaderView.swift */,
				CF40ACD02C99CF9F00D9855D /* MiddleView.swift */,
			);
			path = SubView;
			sourceTree = "<group>";
		};
		CF40ACCB2C99B88400D9855D /* Extention&BaseElements */ = {
			isa = PBXGroup;
			children = (
				CF40ACCC2C99B89500D9855D /* ExtentionDate.swift */,
				CF40ACCE2C99B9A700D9855D /* BaseView.swift */,
				CF40ACD92C99F36E00D9855D /* BaseButton.swift */,
			);
			path = "Extention&BaseElements";
			sourceTree = "<group>";
		};
		CF40ACD22C99E0FC00D9855D /* FooterView */ = {
			isa = PBXGroup;
			children = (
				CF40ACD32C99ED2B00D9855D /* FooterCollectionView.swift */,
				CF40ACD52C99ED6400D9855D /* FooterCollectionViewFL.swift */,
				CF40ACD72C99ED8500D9855D /* FooterCollectionCell.swift */,
			);
			path = FooterView;
			sourceTree = "<group>";
		};
/* End PBXGroup section */

/* Begin PBXNativeTarget section */
		CF40AC612C9971FD00D9855D /* ToDoListTestTask */ = {
			isa = PBXNativeTarget;
			buildConfigurationList = CF40AC8F2C99720100D9855D /* Build configuration list for PBXNativeTarget "ToDoListTestTask" */;
			buildPhases = (
				CF40AC5E2C9971FD00D9855D /* Sources */,
				CF40AC5F2C9971FD00D9855D /* Frameworks */,
				CF40AC602C9971FD00D9855D /* Resources */,
			);
			buildRules = (
			);
			dependencies = (
			);
			name = ToDoListTestTask;
			productName = ToDoListTestTask;
			productReference = CF40AC622C9971FD00D9855D /* ToDoListTestTask.app */;
			productType = "com.apple.product-type.application";
		};
		CF40AC7A2C99720100D9855D /* ToDoListTestTaskTests */ = {
			isa = PBXNativeTarget;
			buildConfigurationList = CF40AC922C99720100D9855D /* Build configuration list for PBXNativeTarget "ToDoListTestTaskTests" */;
			buildPhases = (
				CF40AC772C99720100D9855D /* Sources */,
				CF40AC782C99720100D9855D /* Frameworks */,
				CF40AC792C99720100D9855D /* Resources */,
			);
			buildRules = (
			);
			dependencies = (
				CF40AC7D2C99720100D9855D /* PBXTargetDependency */,
			);
			name = ToDoListTestTaskTests;
			productName = ToDoListTestTaskTests;
			productReference = CF40AC7B2C99720100D9855D /* ToDoListTestTaskTests.xctest */;
			productType = "com.apple.product-type.bundle.unit-test";
		};
		CF40AC842C99720100D9855D /* ToDoListTestTaskUITests */ = {
			isa = PBXNativeTarget;
			buildConfigurationList = CF40AC952C99720100D9855D /* Build configuration list for PBXNativeTarget "ToDoListTestTaskUITests" */;
			buildPhases = (
				CF40AC812C99720100D9855D /* Sources */,
				CF40AC822C99720100D9855D /* Frameworks */,
				CF40AC832C99720100D9855D /* Resources */,
			);
			buildRules = (
			);
			dependencies = (
				CF40AC872C99720100D9855D /* PBXTargetDependency */,
			);
			name = ToDoListTestTaskUITests;
			productName = ToDoListTestTaskUITests;
			productReference = CF40AC852C99720100D9855D /* ToDoListTestTaskUITests.xctest */;
			productType = "com.apple.product-type.bundle.ui-testing";
		};
/* End PBXNativeTarget section */

/* Begin PBXProject section */
		CF40AC5A2C9971FC00D9855D /* Project object */ = {
			isa = PBXProject;
			attributes = {
				BuildIndependentTargetsInParallel = 1;
				LastSwiftUpdateCheck = 1540;
				LastUpgradeCheck = 1540;
				TargetAttributes = {
					CF40AC612C9971FD00D9855D = {
						CreatedOnToolsVersion = 15.4;
					};
					CF40AC7A2C99720100D9855D = {
						CreatedOnToolsVersion = 15.4;
						TestTargetID = CF40AC612C9971FD00D9855D;
					};
					CF40AC842C99720100D9855D = {
						CreatedOnToolsVersion = 15.4;
						TestTargetID = CF40AC612C9971FD00D9855D;
					};
				};
			};
			buildConfigurationList = CF40AC5D2C9971FC00D9855D /* Build configuration list for PBXProject "ToDoListTestTask" */;
			compatibilityVersion = "Xcode 14.0";
			developmentRegion = en;
			hasScannedForEncodings = 0;
			knownRegions = (
				en,
				Base,
			);
			mainGroup = CF40AC592C9971FC00D9855D;
			productRefGroup = CF40AC632C9971FD00D9855D /* Products */;
			projectDirPath = "";
			projectRoot = "";
			targets = (
				CF40AC612C9971FD00D9855D /* ToDoListTestTask */,
				CF40AC7A2C99720100D9855D /* ToDoListTestTaskTests */,
				CF40AC842C99720100D9855D /* ToDoListTestTaskUITests */,
			);
		};
/* End PBXProject section */

/* Begin PBXResourcesBuildPhase section */
		CF40AC602C9971FD00D9855D /* Resources */ = {
			isa = PBXResourcesBuildPhase;
			buildActionMask = 2147483647;
			files = (
				CF40AC722C99720000D9855D /* Assets.xcassets in Resources */,
				CF40AC752C99720000D9855D /* Base in Resources */,
			);
			runOnlyForDeploymentPostprocessing = 0;
		};
		CF40AC792C99720100D9855D /* Resources */ = {
			isa = PBXResourcesBuildPhase;
			buildActionMask = 2147483647;
			files = (
			);
			runOnlyForDeploymentPostprocessing = 0;
		};
		CF40AC832C99720100D9855D /* Resources */ = {
			isa = PBXResourcesBuildPhase;
			buildActionMask = 2147483647;
			files = (
			);
			runOnlyForDeploymentPostprocessing = 0;
		};
/* End PBXResourcesBuildPhase section */

/* Begin PBXSourcesBuildPhase section */
		CF40AC5E2C9971FD00D9855D /* Sources */ = {
			isa = PBXSourcesBuildPhase;
			buildActionMask = 2147483647;
			files = (
				CF40ACBA2C99A4AD00D9855D /* NetworkResponseError.swift in Sources */,
				CF40ACA42C99A46A00D9855D /* EndPointType.swift in Sources */,
				CF40ACA12C9973EC00D9855D /* MainViewModel.swift in Sources */,
				CF40ACD12C99CF9F00D9855D /* MiddleView.swift in Sources */,
				CF40AC6A2C9971FD00D9855D /* MainViewController.swift in Sources */,
				CF40ACAA2C99A47E00D9855D /* NetworkModel.swift in Sources */,
				CF40ACAE2C99A47E00D9855D /* JSONParameterEncoder.swift in Sources */,
				CF40ACAC2C99A47E00D9855D /* NetworkManager.swift in Sources */,
				CF40AC662C9971FD00D9855D /* AppDelegate.swift in Sources */,
				CF40ACAD2C99A47E00D9855D /* ParamEncoding.swift in Sources */,
				CF40ACB72C99A4AD00D9855D /* HTTPMethod.swift in Sources */,
				CF40ACD62C99ED6400D9855D /* FooterCollectionViewFL.swift in Sources */,
				CF40AC702C9971FD00D9855D /* ToDoListTestTask.xcdatamodeld in Sources */,
				CF40ACCF2C99B9A700D9855D /* BaseView.swift in Sources */,
				CF40ACC52C99B6A100D9855D /* ToDoListEntity+CoreDataProperties.swift in Sources */,
				CF40ACC72C99B6A100D9855D /* TaskEntity+CoreDataProperties.swift in Sources */,
				CF40ACDA2C99F36E00D9855D /* BaseButton.swift in Sources */,
				CF40AC9E2C9973D100D9855D /* TodoModel.swift in Sources */,
				CF40ACB62C99A4AD00D9855D /* Router.swift in Sources */,
				CF40ACB82C99A4AD00D9855D /* HTTPTask.swift in Sources */,
				CF40AC9A2C9973B000D9855D /* MainView.swift in Sources */,
				CF40ACAB2C99A47E00D9855D /* URLParameterEncoder.swift in Sources */,
				CF40ACCD2C99B89500D9855D /* ExtentionDate.swift in Sources */,
				CF40ACD82C99ED8500D9855D /* FooterCollectionCell.swift in Sources */,
				CF40ACB92C99A4AD00D9855D /* NetworkLogger.swift in Sources */,
				CF40ACBB2C99A4AD00D9855D /* NetworkRouterProtocol.swift in Sources */,
				CF40ACD42C99ED2B00D9855D /* FooterCollectionView.swift in Sources */,
				CF40ACBE2C99A6E900D9855D /* CoreDataManager.swift in Sources */,
				CF40ACCA2C99B6EA00D9855D /* HeaderView.swift in Sources */,
				CF40AC682C9971FD00D9855D /* SceneDelegate.swift in Sources */,
			);
			runOnlyForDeploymentPostprocessing = 0;
		};
		CF40AC772C99720100D9855D /* Sources */ = {
			isa = PBXSourcesBuildPhase;
			buildActionMask = 2147483647;
			files = (
				CF40AC802C99720100D9855D /* ToDoListTestTaskTests.swift in Sources */,
			);
			runOnlyForDeploymentPostprocessing = 0;
		};
		CF40AC812C99720100D9855D /* Sources */ = {
			isa = PBXSourcesBuildPhase;
			buildActionMask = 2147483647;
			files = (
				CF40AC8A2C99720100D9855D /* ToDoListTestTaskUITests.swift in Sources */,
				CF40AC8C2C99720100D9855D /* ToDoListTestTaskUITestsLaunchTests.swift in Sources */,
			);
			runOnlyForDeploymentPostprocessing = 0;
		};
/* End PBXSourcesBuildPhase section */

/* Begin PBXTargetDependency section */
		CF40AC7D2C99720100D9855D /* PBXTargetDependency */ = {
			isa = PBXTargetDependency;
			target = CF40AC612C9971FD00D9855D /* ToDoListTestTask */;
			targetProxy = CF40AC7C2C99720100D9855D /* PBXContainerItemProxy */;
		};
		CF40AC872C99720100D9855D /* PBXTargetDependency */ = {
			isa = PBXTargetDependency;
			target = CF40AC612C9971FD00D9855D /* ToDoListTestTask */;
			targetProxy = CF40AC862C99720100D9855D /* PBXContainerItemProxy */;
		};
/* End PBXTargetDependency section */

/* Begin PBXVariantGroup section */
		CF40AC732C99720000D9855D /* LaunchScreen.storyboard */ = {
			isa = PBXVariantGroup;
			children = (
				CF40AC742C99720000D9855D /* Base */,
			);
			name = LaunchScreen.storyboard;
			sourceTree = "<group>";
		};
/* End PBXVariantGroup section */

/* Begin XCBuildConfiguration section */
		CF40AC8D2C99720100D9855D /* Debug */ = {
			isa = XCBuildConfiguration;
			buildSettings = {
				ALWAYS_SEARCH_USER_PATHS = NO;
				ASSETCATALOG_COMPILER_GENERATE_SWIFT_ASSET_SYMBOL_EXTENSIONS = YES;
				CLANG_ANALYZER_NONNULL = YES;
				CLANG_ANALYZER_NUMBER_OBJECT_CONVERSION = YES_AGGRESSIVE;
				CLANG_CXX_LANGUAGE_STANDARD = "gnu++20";
				CLANG_ENABLE_MODULES = YES;
				CLANG_ENABLE_OBJC_ARC = YES;
				CLANG_ENABLE_OBJC_WEAK = YES;
				CLANG_WARN_BLOCK_CAPTURE_AUTORELEASING = YES;
				CLANG_WARN_BOOL_CONVERSION = YES;
				CLANG_WARN_COMMA = YES;
				CLANG_WARN_CONSTANT_CONVERSION = YES;
				CLANG_WARN_DEPRECATED_OBJC_IMPLEMENTATIONS = YES;
				CLANG_WARN_DIRECT_OBJC_ISA_USAGE = YES_ERROR;
				CLANG_WARN_DOCUMENTATION_COMMENTS = YES;
				CLANG_WARN_EMPTY_BODY = YES;
				CLANG_WARN_ENUM_CONVERSION = YES;
				CLANG_WARN_INFINITE_RECURSION = YES;
				CLANG_WARN_INT_CONVERSION = YES;
				CLANG_WARN_NON_LITERAL_NULL_CONVERSION = YES;
				CLANG_WARN_OBJC_IMPLICIT_RETAIN_SELF = YES;
				CLANG_WARN_OBJC_LITERAL_CONVERSION = YES;
				CLANG_WARN_OBJC_ROOT_CLASS = YES_ERROR;
				CLANG_WARN_QUOTED_INCLUDE_IN_FRAMEWORK_HEADER = YES;
				CLANG_WARN_RANGE_LOOP_ANALYSIS = YES;
				CLANG_WARN_STRICT_PROTOTYPES = YES;
				CLANG_WARN_SUSPICIOUS_MOVE = YES;
				CLANG_WARN_UNGUARDED_AVAILABILITY = YES_AGGRESSIVE;
				CLANG_WARN_UNREACHABLE_CODE = YES;
				CLANG_WARN__DUPLICATE_METHOD_MATCH = YES;
				COPY_PHASE_STRIP = NO;
				DEBUG_INFORMATION_FORMAT = dwarf;
				ENABLE_STRICT_OBJC_MSGSEND = YES;
				ENABLE_TESTABILITY = YES;
				ENABLE_USER_SCRIPT_SANDBOXING = YES;
				GCC_C_LANGUAGE_STANDARD = gnu17;
				GCC_DYNAMIC_NO_PIC = NO;
				GCC_NO_COMMON_BLOCKS = YES;
				GCC_OPTIMIZATION_LEVEL = 0;
				GCC_PREPROCESSOR_DEFINITIONS = (
					"DEBUG=1",
					"$(inherited)",
				);
				GCC_WARN_64_TO_32_BIT_CONVERSION = YES;
				GCC_WARN_ABOUT_RETURN_TYPE = YES_ERROR;
				GCC_WARN_UNDECLARED_SELECTOR = YES;
				GCC_WARN_UNINITIALIZED_AUTOS = YES_AGGRESSIVE;
				GCC_WARN_UNUSED_FUNCTION = YES;
				GCC_WARN_UNUSED_VARIABLE = YES;
				IPHONEOS_DEPLOYMENT_TARGET = 17.5;
				LOCALIZATION_PREFERS_STRING_CATALOGS = YES;
				MTL_ENABLE_DEBUG_INFO = INCLUDE_SOURCE;
				MTL_FAST_MATH = YES;
				ONLY_ACTIVE_ARCH = YES;
				SDKROOT = iphoneos;
				SWIFT_ACTIVE_COMPILATION_CONDITIONS = "DEBUG $(inherited)";
				SWIFT_OPTIMIZATION_LEVEL = "-Onone";
			};
			name = Debug;
		};
		CF40AC8E2C99720100D9855D /* Release */ = {
			isa = XCBuildConfiguration;
			buildSettings = {
				ALWAYS_SEARCH_USER_PATHS = NO;
				ASSETCATALOG_COMPILER_GENERATE_SWIFT_ASSET_SYMBOL_EXTENSIONS = YES;
				CLANG_ANALYZER_NONNULL = YES;
				CLANG_ANALYZER_NUMBER_OBJECT_CONVERSION = YES_AGGRESSIVE;
				CLANG_CXX_LANGUAGE_STANDARD = "gnu++20";
				CLANG_ENABLE_MODULES = YES;
				CLANG_ENABLE_OBJC_ARC = YES;
				CLANG_ENABLE_OBJC_WEAK = YES;
				CLANG_WARN_BLOCK_CAPTURE_AUTORELEASING = YES;
				CLANG_WARN_BOOL_CONVERSION = YES;
				CLANG_WARN_COMMA = YES;
				CLANG_WARN_CONSTANT_CONVERSION = YES;
				CLANG_WARN_DEPRECATED_OBJC_IMPLEMENTATIONS = YES;
				CLANG_WARN_DIRECT_OBJC_ISA_USAGE = YES_ERROR;
				CLANG_WARN_DOCUMENTATION_COMMENTS = YES;
				CLANG_WARN_EMPTY_BODY = YES;
				CLANG_WARN_ENUM_CONVERSION = YES;
				CLANG_WARN_INFINITE_RECURSION = YES;
				CLANG_WARN_INT_CONVERSION = YES;
				CLANG_WARN_NON_LITERAL_NULL_CONVERSION = YES;
				CLANG_WARN_OBJC_IMPLICIT_RETAIN_SELF = YES;
				CLANG_WARN_OBJC_LITERAL_CONVERSION = YES;
				CLANG_WARN_OBJC_ROOT_CLASS = YES_ERROR;
				CLANG_WARN_QUOTED_INCLUDE_IN_FRAMEWORK_HEADER = YES;
				CLANG_WARN_RANGE_LOOP_ANALYSIS = YES;
				CLANG_WARN_STRICT_PROTOTYPES = YES;
				CLANG_WARN_SUSPICIOUS_MOVE = YES;
				CLANG_WARN_UNGUARDED_AVAILABILITY = YES_AGGRESSIVE;
				CLANG_WARN_UNREACHABLE_CODE = YES;
				CLANG_WARN__DUPLICATE_METHOD_MATCH = YES;
				COPY_PHASE_STRIP = NO;
				DEBUG_INFORMATION_FORMAT = "dwarf-with-dsym";
				ENABLE_NS_ASSERTIONS = NO;
				ENABLE_STRICT_OBJC_MSGSEND = YES;
				ENABLE_USER_SCRIPT_SANDBOXING = YES;
				GCC_C_LANGUAGE_STANDARD = gnu17;
				GCC_NO_COMMON_BLOCKS = YES;
				GCC_WARN_64_TO_32_BIT_CONVERSION = YES;
				GCC_WARN_ABOUT_RETURN_TYPE = YES_ERROR;
				GCC_WARN_UNDECLARED_SELECTOR = YES;
				GCC_WARN_UNINITIALIZED_AUTOS = YES_AGGRESSIVE;
				GCC_WARN_UNUSED_FUNCTION = YES;
				GCC_WARN_UNUSED_VARIABLE = YES;
				IPHONEOS_DEPLOYMENT_TARGET = 17.5;
				LOCALIZATION_PREFERS_STRING_CATALOGS = YES;
				MTL_ENABLE_DEBUG_INFO = NO;
				MTL_FAST_MATH = YES;
				SDKROOT = iphoneos;
				SWIFT_COMPILATION_MODE = wholemodule;
				VALIDATE_PRODUCT = YES;
			};
			name = Release;
		};
		CF40AC902C99720100D9855D /* Debug */ = {
			isa = XCBuildConfiguration;
			buildSettings = {
				ASSETCATALOG_COMPILER_APPICON_NAME = AppIcon;
				ASSETCATALOG_COMPILER_GLOBAL_ACCENT_COLOR_NAME = AccentColor;
				CODE_SIGN_STYLE = Automatic;
				CURRENT_PROJECT_VERSION = 1;
				DEVELOPMENT_TEAM = 779ZY47A99;
				GENERATE_INFOPLIST_FILE = YES;
				INFOPLIST_FILE = ToDoListTestTask/Info.plist;
				INFOPLIST_KEY_UIApplicationSupportsIndirectInputEvents = YES;
				INFOPLIST_KEY_UILaunchStoryboardName = LaunchScreen;
				INFOPLIST_KEY_UIMainStoryboardFile = "";
				INFOPLIST_KEY_UISupportedInterfaceOrientations = UIInterfaceOrientationPortrait;
				INFOPLIST_KEY_UISupportedInterfaceOrientations_iPad = "UIInterfaceOrientationLandscapeLeft UIInterfaceOrientationLandscapeRight UIInterfaceOrientationPortrait UIInterfaceOrientationPortraitUpsideDown";
				IPHONEOS_DEPLOYMENT_TARGET = 15.0;
				LD_RUNPATH_SEARCH_PATHS = (
					"$(inherited)",
					"@executable_path/Frameworks",
				);
				MARKETING_VERSION = 1.0;
				PRODUCT_BUNDLE_IDENTIFIER = AleksandrKorotkov.ToDoListTestTask;
				PRODUCT_NAME = "$(TARGET_NAME)";
				SUPPORTED_PLATFORMS = "iphoneos iphonesimulator";
				SUPPORTS_MACCATALYST = NO;
				SUPPORTS_MAC_DESIGNED_FOR_IPHONE_IPAD = NO;
				SUPPORTS_XR_DESIGNED_FOR_IPHONE_IPAD = NO;
				SWIFT_EMIT_LOC_STRINGS = YES;
				SWIFT_VERSION = 5.0;
				TARGETED_DEVICE_FAMILY = 1;
			};
			name = Debug;
		};
		CF40AC912C99720100D9855D /* Release */ = {
			isa = XCBuildConfiguration;
			buildSettings = {
				ASSETCATALOG_COMPILER_APPICON_NAME = AppIcon;
				ASSETCATALOG_COMPILER_GLOBAL_ACCENT_COLOR_NAME = AccentColor;
				CODE_SIGN_STYLE = Automatic;
				CURRENT_PROJECT_VERSION = 1;
				DEVELOPMENT_TEAM = 779ZY47A99;
				GENERATE_INFOPLIST_FILE = YES;
				INFOPLIST_FILE = ToDoListTestTask/Info.plist;
				INFOPLIST_KEY_UIApplicationSupportsIndirectInputEvents = YES;
				INFOPLIST_KEY_UILaunchStoryboardName = LaunchScreen;
				INFOPLIST_KEY_UIMainStoryboardFile = "";
				INFOPLIST_KEY_UISupportedInterfaceOrientations = UIInterfaceOrientationPortrait;
				INFOPLIST_KEY_UISupportedInterfaceOrientations_iPad = "UIInterfaceOrientationLandscapeLeft UIInterfaceOrientationLandscapeRight UIInterfaceOrientationPortrait UIInterfaceOrientationPortraitUpsideDown";
				IPHONEOS_DEPLOYMENT_TARGET = 15.0;
				LD_RUNPATH_SEARCH_PATHS = (
					"$(inherited)",
					"@executable_path/Frameworks",
				);
				MARKETING_VERSION = 1.0;
				PRODUCT_BUNDLE_IDENTIFIER = AleksandrKorotkov.ToDoListTestTask;
				PRODUCT_NAME = "$(TARGET_NAME)";
				SUPPORTED_PLATFORMS = "iphoneos iphonesimulator";
				SUPPORTS_MACCATALYST = NO;
				SUPPORTS_MAC_DESIGNED_FOR_IPHONE_IPAD = NO;
				SUPPORTS_XR_DESIGNED_FOR_IPHONE_IPAD = NO;
				SWIFT_EMIT_LOC_STRINGS = YES;
				SWIFT_VERSION = 5.0;
				TARGETED_DEVICE_FAMILY = 1;
			};
			name = Release;
		};
		CF40AC932C99720100D9855D /* Debug */ = {
			isa = XCBuildConfiguration;
			buildSettings = {
				ALWAYS_EMBED_SWIFT_STANDARD_LIBRARIES = YES;
				BUNDLE_LOADER = "$(TEST_HOST)";
				CODE_SIGN_STYLE = Automatic;
				CURRENT_PROJECT_VERSION = 1;
				DEVELOPMENT_TEAM = 779ZY47A99;
				GENERATE_INFOPLIST_FILE = YES;
				IPHONEOS_DEPLOYMENT_TARGET = 17.5;
				MARKETING_VERSION = 1.0;
				PRODUCT_BUNDLE_IDENTIFIER = AleksandrKorotkov.ToDoListTestTaskTests;
				PRODUCT_NAME = "$(TARGET_NAME)";
				SWIFT_EMIT_LOC_STRINGS = NO;
				SWIFT_VERSION = 5.0;
				TARGETED_DEVICE_FAMILY = "1,2";
				TEST_HOST = "$(BUILT_PRODUCTS_DIR)/ToDoListTestTask.app/$(BUNDLE_EXECUTABLE_FOLDER_PATH)/ToDoListTestTask";
			};
			name = Debug;
		};
		CF40AC942C99720100D9855D /* Release */ = {
			isa = XCBuildConfiguration;
			buildSettings = {
				ALWAYS_EMBED_SWIFT_STANDARD_LIBRARIES = YES;
				BUNDLE_LOADER = "$(TEST_HOST)";
				CODE_SIGN_STYLE = Automatic;
				CURRENT_PROJECT_VERSION = 1;
				DEVELOPMENT_TEAM = 779ZY47A99;
				GENERATE_INFOPLIST_FILE = YES;
				IPHONEOS_DEPLOYMENT_TARGET = 17.5;
				MARKETING_VERSION = 1.0;
				PRODUCT_BUNDLE_IDENTIFIER = AleksandrKorotkov.ToDoListTestTaskTests;
				PRODUCT_NAME = "$(TARGET_NAME)";
				SWIFT_EMIT_LOC_STRINGS = NO;
				SWIFT_VERSION = 5.0;
				TARGETED_DEVICE_FAMILY = "1,2";
				TEST_HOST = "$(BUILT_PRODUCTS_DIR)/ToDoListTestTask.app/$(BUNDLE_EXECUTABLE_FOLDER_PATH)/ToDoListTestTask";
			};
			name = Release;
		};
		CF40AC962C99720100D9855D /* Debug */ = {
			isa = XCBuildConfiguration;
			buildSettings = {
				ALWAYS_EMBED_SWIFT_STANDARD_LIBRARIES = YES;
				CODE_SIGN_STYLE = Automatic;
				CURRENT_PROJECT_VERSION = 1;
				DEVELOPMENT_TEAM = 779ZY47A99;
				GENERATE_INFOPLIST_FILE = YES;
				MARKETING_VERSION = 1.0;
				PRODUCT_BUNDLE_IDENTIFIER = AleksandrKorotkov.ToDoListTestTaskUITests;
				PRODUCT_NAME = "$(TARGET_NAME)";
				SWIFT_EMIT_LOC_STRINGS = NO;
				SWIFT_VERSION = 5.0;
				TARGETED_DEVICE_FAMILY = "1,2";
				TEST_TARGET_NAME = ToDoListTestTask;
			};
			name = Debug;
		};
		CF40AC972C99720100D9855D /* Release */ = {
			isa = XCBuildConfiguration;
			buildSettings = {
				ALWAYS_EMBED_SWIFT_STANDARD_LIBRARIES = YES;
				CODE_SIGN_STYLE = Automatic;
				CURRENT_PROJECT_VERSION = 1;
				DEVELOPMENT_TEAM = 779ZY47A99;
				GENERATE_INFOPLIST_FILE = YES;
				MARKETING_VERSION = 1.0;
				PRODUCT_BUNDLE_IDENTIFIER = AleksandrKorotkov.ToDoListTestTaskUITests;
				PRODUCT_NAME = "$(TARGET_NAME)";
				SWIFT_EMIT_LOC_STRINGS = NO;
				SWIFT_VERSION = 5.0;
				TARGETED_DEVICE_FAMILY = "1,2";
				TEST_TARGET_NAME = ToDoListTestTask;
			};
			name = Release;
		};
/* End XCBuildConfiguration section */

/* Begin XCConfigurationList section */
		CF40AC5D2C9971FC00D9855D /* Build configuration list for PBXProject "ToDoListTestTask" */ = {
			isa = XCConfigurationList;
			buildConfigurations = (
				CF40AC8D2C99720100D9855D /* Debug */,
				CF40AC8E2C99720100D9855D /* Release */,
			);
			defaultConfigurationIsVisible = 0;
			defaultConfigurationName = Release;
		};
		CF40AC8F2C99720100D9855D /* Build configuration list for PBXNativeTarget "ToDoListTestTask" */ = {
			isa = XCConfigurationList;
			buildConfigurations = (
				CF40AC902C99720100D9855D /* Debug */,
				CF40AC912C99720100D9855D /* Release */,
			);
			defaultConfigurationIsVisible = 0;
			defaultConfigurationName = Release;
		};
		CF40AC922C99720100D9855D /* Build configuration list for PBXNativeTarget "ToDoListTestTaskTests" */ = {
			isa = XCConfigurationList;
			buildConfigurations = (
				CF40AC932C99720100D9855D /* Debug */,
				CF40AC942C99720100D9855D /* Release */,
			);
			defaultConfigurationIsVisible = 0;
			defaultConfigurationName = Release;
		};
		CF40AC952C99720100D9855D /* Build configuration list for PBXNativeTarget "ToDoListTestTaskUITests" */ = {
			isa = XCConfigurationList;
			buildConfigurations = (
				CF40AC962C99720100D9855D /* Debug */,
				CF40AC972C99720100D9855D /* Release */,
			);
			defaultConfigurationIsVisible = 0;
			defaultConfigurationName = Release;
		};
/* End XCConfigurationList section */

/* Begin XCVersionGroup section */
		CF40AC6E2C9971FD00D9855D /* ToDoListTestTask.xcdatamodeld */ = {
			isa = XCVersionGroup;
			children = (
				CF40AC6F2C9971FD00D9855D /* ToDoListTestTask.xcdatamodel */,
			);
			currentVersion = CF40AC6F2C9971FD00D9855D /* ToDoListTestTask.xcdatamodel */;
			path = ToDoListTestTask.xcdatamodeld;
			sourceTree = "<group>";
			versionGroupType = wrapper.xcdatamodel;
		};
/* End XCVersionGroup section */
	};
	rootObject = CF40AC5A2C9971FC00D9855D /* Project object */;
}
